// !$*UTF8*$!
{
	archiveVersion = 1;
	classes = {
	};
	objectVersion = 46;
	objects = {

/* Begin PBXBuildFile section */
		13F90B542EBFA205A358564F /* libPods.a in Frameworks */ = {isa = PBXBuildFile; fileRef = 9C3955F68185835A635B04E5 /* libPods.a */; };
		645947DD197E75C4000B80E7 /* Foundation.framework in Frameworks */ = {isa = PBXBuildFile; fileRef = 645947DC197E75C4000B80E7 /* Foundation.framework */; };
		645947DF197E75C4000B80E7 /* CoreGraphics.framework in Frameworks */ = {isa = PBXBuildFile; fileRef = 645947DE197E75C4000B80E7 /* CoreGraphics.framework */; };
		645947E1197E75C4000B80E7 /* UIKit.framework in Frameworks */ = {isa = PBXBuildFile; fileRef = 645947E0197E75C4000B80E7 /* UIKit.framework */; };
		645947E7197E75C4000B80E7 /* InfoPlist.strings in Resources */ = {isa = PBXBuildFile; fileRef = 645947E5197E75C4000B80E7 /* InfoPlist.strings */; };
		645947E9197E75C4000B80E7 /* main.m in Sources */ = {isa = PBXBuildFile; fileRef = 645947E8197E75C4000B80E7 /* main.m */; };
		645947EF197E75C4000B80E7 /* Images.xcassets in Resources */ = {isa = PBXBuildFile; fileRef = 645947EE197E75C4000B80E7 /* Images.xcassets */; };
		645947F6197E75C4000B80E7 /* XCTest.framework in Frameworks */ = {isa = PBXBuildFile; fileRef = 645947F5197E75C4000B80E7 /* XCTest.framework */; };
		645947F7197E75C4000B80E7 /* Foundation.framework in Frameworks */ = {isa = PBXBuildFile; fileRef = 645947DC197E75C4000B80E7 /* Foundation.framework */; };
		645947F8197E75C4000B80E7 /* UIKit.framework in Frameworks */ = {isa = PBXBuildFile; fileRef = 645947E0197E75C4000B80E7 /* UIKit.framework */; };
		64594800197E75C4000B80E7 /* InfoPlist.strings in Resources */ = {isa = PBXBuildFile; fileRef = 645947FE197E75C4000B80E7 /* InfoPlist.strings */; };
		64594802197E75C4000B80E7 /* DrawCircleFrameTests.m in Sources */ = {isa = PBXBuildFile; fileRef = 64594801197E75C4000B80E7 /* DrawCircleFrameTests.m */; };
		64594818197E78A9000B80E7 /* DCFView.m in Sources */ = {isa = PBXBuildFile; fileRef = 64594817197E78A9000B80E7 /* DCFView.m */; };
		6459481B197E78CE000B80E7 /* DCFAppDelegate.m in Sources */ = {isa = PBXBuildFile; fileRef = 6459481A197E78CE000B80E7 /* DCFAppDelegate.m */; };
		6459481E197E78D7000B80E7 /* DCFExampleView.m in Sources */ = {isa = PBXBuildFile; fileRef = 6459481D197E78D7000B80E7 /* DCFExampleView.m */; };
		64594821197E78DF000B80E7 /* DCFExampleViewController.m in Sources */ = {isa = PBXBuildFile; fileRef = 64594820197E78DF000B80E7 /* DCFExampleViewController.m */; };
		64594823197E845A000B80E7 /* QuartzCore.framework in Frameworks */ = {isa = PBXBuildFile; fileRef = 64594822197E845A000B80E7 /* QuartzCore.framework */; };
		64C696321987A115006056E8 /* DCFButton.m in Sources */ = {isa = PBXBuildFile; fileRef = 64C696311987A115006056E8 /* DCFButton.m */; };
/* End PBXBuildFile section */

/* Begin PBXContainerItemProxy section */
		645947F9197E75C4000B80E7 /* PBXContainerItemProxy */ = {
			isa = PBXContainerItemProxy;
			containerPortal = 645947D1197E75C4000B80E7 /* Project object */;
			proxyType = 1;
			remoteGlobalIDString = 645947D8197E75C4000B80E7;
			remoteInfo = DrawCircleFrame;
		};
/* End PBXContainerItemProxy section */

/* Begin PBXFileReference section */
		5A21ABAC30A7F5F497835DBE /* Pods.debug.xcconfig */ = {isa = PBXFileReference; includeInIndex = 1; lastKnownFileType = text.xcconfig; name = Pods.debug.xcconfig; path = "Pods/Target Support Files/Pods/Pods.debug.xcconfig"; sourceTree = "<group>"; };
		645947D9197E75C4000B80E7 /* DrawCircleFrame.app */ = {isa = PBXFileReference; explicitFileType = wrapper.application; includeInIndex = 0; path = DrawCircleFrame.app; sourceTree = BUILT_PRODUCTS_DIR; };
		645947DC197E75C4000B80E7 /* Foundation.framework */ = {isa = PBXFileReference; lastKnownFileType = wrapper.framework; name = Foundation.framework; path = System/Library/Frameworks/Foundation.framework; sourceTree = SDKROOT; };
		645947DE197E75C4000B80E7 /* CoreGraphics.framework */ = {isa = PBXFileReference; lastKnownFileType = wrapper.framework; name = CoreGraphics.framework; path = System/Library/Frameworks/CoreGraphics.framework; sourceTree = SDKROOT; };
		645947E0197E75C4000B80E7 /* UIKit.framework */ = {isa = PBXFileReference; lastKnownFileType = wrapper.framework; name = UIKit.framework; path = System/Library/Frameworks/UIKit.framework; sourceTree = SDKROOT; };
		645947E4197E75C4000B80E7 /* DrawCircleFrame-Info.plist */ = {isa = PBXFileReference; lastKnownFileType = text.plist.xml; path = "DrawCircleFrame-Info.plist"; sourceTree = "<group>"; };
		645947E6197E75C4000B80E7 /* en */ = {isa = PBXFileReference; lastKnownFileType = text.plist.strings; name = en; path = en.lproj/InfoPlist.strings; sourceTree = "<group>"; };
		645947E8197E75C4000B80E7 /* main.m */ = {isa = PBXFileReference; lastKnownFileType = sourcecode.c.objc; path = main.m; sourceTree = "<group>"; };
		645947EA197E75C4000B80E7 /* DrawCircleFrame-Prefix.pch */ = {isa = PBXFileReference; lastKnownFileType = sourcecode.c.h; path = "DrawCircleFrame-Prefix.pch"; sourceTree = "<group>"; };
		645947EE197E75C4000B80E7 /* Images.xcassets */ = {isa = PBXFileReference; lastKnownFileType = folder.assetcatalog; path = Images.xcassets; sourceTree = "<group>"; };
		645947F4197E75C4000B80E7 /* DrawCircleFrameTests.xctest */ = {isa = PBXFileReference; explicitFileType = wrapper.cfbundle; includeInIndex = 0; path = DrawCircleFrameTests.xctest; sourceTree = BUILT_PRODUCTS_DIR; };
		645947F5197E75C4000B80E7 /* XCTest.framework */ = {isa = PBXFileReference; lastKnownFileType = wrapper.framework; name = XCTest.framework; path = Library/Frameworks/XCTest.framework; sourceTree = DEVELOPER_DIR; };
		645947FD197E75C4000B80E7 /* DrawCircleFrameTests-Info.plist */ = {isa = PBXFileReference; lastKnownFileType = text.plist.xml; path = "DrawCircleFrameTests-Info.plist"; sourceTree = "<group>"; };
		645947FF197E75C4000B80E7 /* en */ = {isa = PBXFileReference; lastKnownFileType = text.plist.strings; name = en; path = en.lproj/InfoPlist.strings; sourceTree = "<group>"; };
		64594801197E75C4000B80E7 /* DrawCircleFrameTests.m */ = {isa = PBXFileReference; lastKnownFileType = sourcecode.c.objc; path = DrawCircleFrameTests.m; sourceTree = "<group>"; };
		64594816197E78A9000B80E7 /* DCFView.h */ = {isa = PBXFileReference; fileEncoding = 4; lastKnownFileType = sourcecode.c.h; name = DCFView.h; path = DrawCircleFrame/DCFView.h; sourceTree = "<group>"; };
		64594817197E78A9000B80E7 /* DCFView.m */ = {isa = PBXFileReference; fileEncoding = 4; lastKnownFileType = sourcecode.c.objc; name = DCFView.m; path = DrawCircleFrame/DCFView.m; sourceTree = "<group>"; };
		64594819197E78CE000B80E7 /* DCFAppDelegate.h */ = {isa = PBXFileReference; fileEncoding = 4; lastKnownFileType = sourcecode.c.h; name = DCFAppDelegate.h; path = Example/DCFAppDelegate.h; sourceTree = "<group>"; };
		6459481A197E78CE000B80E7 /* DCFAppDelegate.m */ = {isa = PBXFileReference; fileEncoding = 4; lastKnownFileType = sourcecode.c.objc; name = DCFAppDelegate.m; path = Example/DCFAppDelegate.m; sourceTree = "<group>"; };
		6459481C197E78D7000B80E7 /* DCFExampleView.h */ = {isa = PBXFileReference; fileEncoding = 4; lastKnownFileType = sourcecode.c.h; name = DCFExampleView.h; path = Example/DCFExampleView.h; sourceTree = "<group>"; };
		6459481D197E78D7000B80E7 /* DCFExampleView.m */ = {isa = PBXFileReference; fileEncoding = 4; lastKnownFileType = sourcecode.c.objc; name = DCFExampleView.m; path = Example/DCFExampleView.m; sourceTree = "<group>"; };
		6459481F197E78DF000B80E7 /* DCFExampleViewController.h */ = {isa = PBXFileReference; fileEncoding = 4; lastKnownFileType = sourcecode.c.h; name = DCFExampleViewController.h; path = Example/DCFExampleViewController.h; sourceTree = "<group>"; };
		64594820197E78DF000B80E7 /* DCFExampleViewController.m */ = {isa = PBXFileReference; fileEncoding = 4; lastKnownFileType = sourcecode.c.objc; name = DCFExampleViewController.m; path = Example/DCFExampleViewController.m; sourceTree = "<group>"; };
		64594822197E845A000B80E7 /* QuartzCore.framework */ = {isa = PBXFileReference; lastKnownFileType = wrapper.framework; name = QuartzCore.framework; path = System/Library/Frameworks/QuartzCore.framework; sourceTree = SDKROOT; };
		64C696301987A115006056E8 /* DCFButton.h */ = {isa = PBXFileReference; fileEncoding = 4; lastKnownFileType = sourcecode.c.h; name = DCFButton.h; path = DrawCircleFrame/DCFButton.h; sourceTree = "<group>"; };
		64C696311987A115006056E8 /* DCFButton.m */ = {isa = PBXFileReference; fileEncoding = 4; lastKnownFileType = sourcecode.c.objc; name = DCFButton.m; path = DrawCircleFrame/DCFButton.m; sourceTree = "<group>"; };
		97E7BA05CFE39E345D81160B /* Pods.release.xcconfig */ = {isa = PBXFileReference; includeInIndex = 1; lastKnownFileType = text.xcconfig; name = Pods.release.xcconfig; path = "Pods/Target Support Files/Pods/Pods.release.xcconfig"; sourceTree = "<group>"; };
		9C3955F68185835A635B04E5 /* libPods.a */ = {isa = PBXFileReference; explicitFileType = archive.ar; includeInIndex = 0; path = libPods.a; sourceTree = BUILT_PRODUCTS_DIR; };
/* End PBXFileReference section */

/* Begin PBXFrameworksBuildPhase section */
		645947D6197E75C4000B80E7 /* Frameworks */ = {
			isa = PBXFrameworksBuildPhase;
			buildActionMask = 2147483647;
			files = (
				64594823197E845A000B80E7 /* QuartzCore.framework in Frameworks */,
				645947DF197E75C4000B80E7 /* CoreGraphics.framework in Frameworks */,
				645947E1197E75C4000B80E7 /* UIKit.framework in Frameworks */,
				645947DD197E75C4000B80E7 /* Foundation.framework in Frameworks */,
				13F90B542EBFA205A358564F /* libPods.a in Frameworks */,
			);
			runOnlyForDeploymentPostprocessing = 0;
		};
		645947F1197E75C4000B80E7 /* Frameworks */ = {
			isa = PBXFrameworksBuildPhase;
			buildActionMask = 2147483647;
			files = (
				645947F6197E75C4000B80E7 /* XCTest.framework in Frameworks */,
				645947F8197E75C4000B80E7 /* UIKit.framework in Frameworks */,
				645947F7197E75C4000B80E7 /* Foundation.framework in Frameworks */,
			);
			runOnlyForDeploymentPostprocessing = 0;
		};
/* End PBXFrameworksBuildPhase section */

/* Begin PBXGroup section */
		1748EA2AEB33B33FB79AC8EA /* Pods */ = {
			isa = PBXGroup;
			children = (
				5A21ABAC30A7F5F497835DBE /* Pods.debug.xcconfig */,
				97E7BA05CFE39E345D81160B /* Pods.release.xcconfig */,
			);
			name = Pods;
			sourceTree = "<group>";
		};
		645947D0197E75C4000B80E7 = {
			isa = PBXGroup;
			children = (
				645947E2197E75C4000B80E7 /* DrawCircleFrame */,
				645947FB197E75C4000B80E7 /* DrawCircleFrameTests */,
				645947DB197E75C4000B80E7 /* Frameworks */,
				645947DA197E75C4000B80E7 /* Products */,
				1748EA2AEB33B33FB79AC8EA /* Pods */,
			);
			sourceTree = "<group>";
		};
		645947DA197E75C4000B80E7 /* Products */ = {
			isa = PBXGroup;
			children = (
				645947D9197E75C4000B80E7 /* DrawCircleFrame.app */,
				645947F4197E75C4000B80E7 /* DrawCircleFrameTests.xctest */,
			);
			name = Products;
			sourceTree = "<group>";
		};
		645947DB197E75C4000B80E7 /* Frameworks */ = {
			isa = PBXGroup;
			children = (
				64594822197E845A000B80E7 /* QuartzCore.framework */,
				645947DC197E75C4000B80E7 /* Foundation.framework */,
				645947DE197E75C4000B80E7 /* CoreGraphics.framework */,
				645947E0197E75C4000B80E7 /* UIKit.framework */,
				645947F5197E75C4000B80E7 /* XCTest.framework */,
				9C3955F68185835A635B04E5 /* libPods.a */,
			);
			name = Frameworks;
			sourceTree = "<group>";
		};
		645947E2197E75C4000B80E7 /* DrawCircleFrame */ = {
			isa = PBXGroup;
			children = (
				64594819197E78CE000B80E7 /* DCFAppDelegate.h */,
				6459481A197E78CE000B80E7 /* DCFAppDelegate.m */,
				64594815197E786C000B80E7 /* Example */,
				6459480C197E75DB000B80E7 /* DrawCircleFrame */,
				6459480B197E75D0000B80E7 /* Resources */,
				645947E3197E75C4000B80E7 /* Supporting Files */,
			);
			path = DrawCircleFrame;
			sourceTree = "<group>";
		};
		645947E3197E75C4000B80E7 /* Supporting Files */ = {
			isa = PBXGroup;
			children = (
				645947E4197E75C4000B80E7 /* DrawCircleFrame-Info.plist */,
				645947E5197E75C4000B80E7 /* InfoPlist.strings */,
				645947E8197E75C4000B80E7 /* main.m */,
				645947EA197E75C4000B80E7 /* DrawCircleFrame-Prefix.pch */,
			);
			name = "Supporting Files";
			sourceTree = "<group>";
		};
		645947FB197E75C4000B80E7 /* DrawCircleFrameTests */ = {
			isa = PBXGroup;
			children = (
				64594801197E75C4000B80E7 /* DrawCircleFrameTests.m */,
				645947FC197E75C4000B80E7 /* Supporting Files */,
			);
			path = DrawCircleFrameTests;
			sourceTree = "<group>";
		};
		645947FC197E75C4000B80E7 /* Supporting Files */ = {
			isa = PBXGroup;
			children = (
				645947FD197E75C4000B80E7 /* DrawCircleFrameTests-Info.plist */,
				645947FE197E75C4000B80E7 /* InfoPlist.strings */,
			);
			name = "Supporting Files";
			sourceTree = "<group>";
		};
		6459480B197E75D0000B80E7 /* Resources */ = {
			isa = PBXGroup;
			children = (
				645947EE197E75C4000B80E7 /* Images.xcassets */,
			);
			name = Resources;
			sourceTree = "<group>";
		};
		6459480C197E75DB000B80E7 /* DrawCircleFrame */ = {
			isa = PBXGroup;
			children = (
				64594816197E78A9000B80E7 /* DCFView.h */,
				64594817197E78A9000B80E7 /* DCFView.m */,
				64C696301987A115006056E8 /* DCFButton.h */,
				64C696311987A115006056E8 /* DCFButton.m */,
			);
			name = DrawCircleFrame;
			sourceTree = "<group>";
		};
		6459480D197E75E8000B80E7 /* ViewControllers */ = {
			isa = PBXGroup;
			children = (
				6459481F197E78DF000B80E7 /* DCFExampleViewController.h */,
				64594820197E78DF000B80E7 /* DCFExampleViewController.m */,
			);
			name = ViewControllers;
			sourceTree = "<group>";
		};
		6459480E197E75EF000B80E7 /* Views */ = {
			isa = PBXGroup;
			children = (
				6459481C197E78D7000B80E7 /* DCFExampleView.h */,
				6459481D197E78D7000B80E7 /* DCFExampleView.m */,
			);
			name = Views;
			sourceTree = "<group>";
		};
		64594815197E786C000B80E7 /* Example */ = {
			isa = PBXGroup;
			children = (
				6459480D197E75E8000B80E7 /* ViewControllers */,
				6459480E197E75EF000B80E7 /* Views */,
			);
			name = Example;
			sourceTree = "<group>";
		};
/* End PBXGroup section */

/* Begin PBXNativeTarget section */
		645947D8197E75C4000B80E7 /* DrawCircleFrame */ = {
			isa = PBXNativeTarget;
			buildConfigurationList = 64594805197E75C4000B80E7 /* Build configuration list for PBXNativeTarget "DrawCircleFrame" */;
			buildPhases = (
				F698A817EB4979820374E92D /* Check Pods Manifest.lock */,
				645947D5197E75C4000B80E7 /* Sources */,
				645947D6197E75C4000B80E7 /* Frameworks */,
				645947D7197E75C4000B80E7 /* Resources */,
				OBJCLEANCUSTOMRUNSCRIPTT /* Objective-Clean Run Script */,
				FA6908EA992F018759DA8D01 /* Copy Pods Resources */,
			);
			buildRules = (
			);
			dependencies = (
			);
			name = DrawCircleFrame;
			productName = DrawCircleFrame;
			productReference = 645947D9197E75C4000B80E7 /* DrawCircleFrame.app */;
			productType = "com.apple.product-type.application";
		};
		645947F3197E75C4000B80E7 /* DrawCircleFrameTests */ = {
			isa = PBXNativeTarget;
			buildConfigurationList = 64594808197E75C4000B80E7 /* Build configuration list for PBXNativeTarget "DrawCircleFrameTests" */;
			buildPhases = (
				645947F0197E75C4000B80E7 /* Sources */,
				645947F1197E75C4000B80E7 /* Frameworks */,
				645947F2197E75C4000B80E7 /* Resources */,
			);
			buildRules = (
			);
			dependencies = (
				645947FA197E75C4000B80E7 /* PBXTargetDependency */,
			);
			name = DrawCircleFrameTests;
			productName = DrawCircleFrameTests;
			productReference = 645947F4197E75C4000B80E7 /* DrawCircleFrameTests.xctest */;
			productType = "com.apple.product-type.bundle.unit-test";
		};
/* End PBXNativeTarget section */

/* Begin PBXProject section */
		645947D1197E75C4000B80E7 /* Project object */ = {
			isa = PBXProject;
			attributes = {
				CLASSPREFIX = MG;
				LastUpgradeCheck = 0510;
				ORGANIZATIONNAME = AppUnite;
				TargetAttributes = {
					645947F3197E75C4000B80E7 = {
						TestTargetID = 645947D8197E75C4000B80E7;
					};
				};
			};
			buildConfigurationList = 645947D4197E75C4000B80E7 /* Build configuration list for PBXProject "DrawCircleFrame" */;
			compatibilityVersion = "Xcode 3.2";
			developmentRegion = English;
			hasScannedForEncodings = 0;
			knownRegions = (
				en,
			);
			mainGroup = 645947D0197E75C4000B80E7;
			productRefGroup = 645947DA197E75C4000B80E7 /* Products */;
			projectDirPath = "";
			projectRoot = "";
			targets = (
				645947D8197E75C4000B80E7 /* DrawCircleFrame */,
				645947F3197E75C4000B80E7 /* DrawCircleFrameTests */,
			);
		};
/* End PBXProject section */

/* Begin PBXResourcesBuildPhase section */
		645947D7197E75C4000B80E7 /* Resources */ = {
			isa = PBXResourcesBuildPhase;
			buildActionMask = 2147483647;
			files = (
				645947E7197E75C4000B80E7 /* InfoPlist.strings in Resources */,
				645947EF197E75C4000B80E7 /* Images.xcassets in Resources */,
			);
			runOnlyForDeploymentPostprocessing = 0;
		};
		645947F2197E75C4000B80E7 /* Resources */ = {
			isa = PBXResourcesBuildPhase;
			buildActionMask = 2147483647;
			files = (
				64594800197E75C4000B80E7 /* InfoPlist.strings in Resources */,
			);
			runOnlyForDeploymentPostprocessing = 0;
		};
/* End PBXResourcesBuildPhase section */

/* Begin PBXShellScriptBuildPhase section */
		F698A817EB4979820374E92D /* Check Pods Manifest.lock */ = {
			isa = PBXShellScriptBuildPhase;
			buildActionMask = 2147483647;
			files = (
			);
			inputPaths = (
			);
			name = "Check Pods Manifest.lock";
			outputPaths = (
			);
			runOnlyForDeploymentPostprocessing = 0;
			shellPath = /bin/sh;
			shellScript = "diff \"${PODS_ROOT}/../Podfile.lock\" \"${PODS_ROOT}/Manifest.lock\" > /dev/null\nif [[ $? != 0 ]] ; then\n    cat << EOM\nerror: The sandbox is not in sync with the Podfile.lock. Run 'pod install' or update your CocoaPods installation.\nEOM\n    exit 1\nfi\n";
			showEnvVarsInLog = 0;
		};
		FA6908EA992F018759DA8D01 /* Copy Pods Resources */ = {
			isa = PBXShellScriptBuildPhase;
			buildActionMask = 2147483647;
			files = (
			);
			inputPaths = (
			);
			name = "Copy Pods Resources";
			outputPaths = (
			);
			runOnlyForDeploymentPostprocessing = 0;
			shellPath = /bin/sh;
			shellScript = "\"${SRCROOT}/Pods/Target Support Files/Pods/Pods-resources.sh\"\n";
			showEnvVarsInLog = 0;
		};
		OBJCLEANCUSTOMRUNSCRIPTT /* Objective-Clean Run Script */ = {
			isa = PBXShellScriptBuildPhase;
			buildActionMask = 2147483647;
			files = (
			);
			inputPaths = (
			);
			name = "Objective-Clean Run Script";
			outputPaths = (
			);
			runOnlyForDeploymentPostprocessing = 0;
			shellPath = /bin/bash;
			shellScript = "if [[ -z ${SKIP_OBJCLEAN} || ${SKIP_OBJCLEAN} != 1 ]]; then\nif [[ -d \"${LOCAL_APPS_DIR}/Objective-Clean.app\" ]]; then \n\"${LOCAL_APPS_DIR}\"/Objective-Clean.app/Contents/Resources/ObjClean.app/Contents/MacOS/ObjClean \"${SRCROOT}\" \nelse\necho \"warning: You have to install and set up Objective-Clean to use its features!\" \nfi\nfi";
		};
/* End PBXShellScriptBuildPhase section */

/* Begin PBXSourcesBuildPhase section */
		645947D5197E75C4000B80E7 /* Sources */ = {
			isa = PBXSourcesBuildPhase;
			buildActionMask = 2147483647;
			files = (
				645947E9197E75C4000B80E7 /* main.m in Sources */,
				64594818197E78A9000B80E7 /* DCFView.m in Sources */,
				6459481B197E78CE000B80E7 /* DCFAppDelegate.m in Sources */,
				64594821197E78DF000B80E7 /* DCFExampleViewController.m in Sources */,
				64C696321987A115006056E8 /* DCFButton.m in Sources */,
				6459481E197E78D7000B80E7 /* DCFExampleView.m in Sources */,
			);
			runOnlyForDeploymentPostprocessing = 0;
		};
		645947F0197E75C4000B80E7 /* Sources */ = {
			isa = PBXSourcesBuildPhase;
			buildActionMask = 2147483647;
			files = (
				64594802197E75C4000B80E7 /* DrawCircleFrameTests.m in Sources */,
			);
			runOnlyForDeploymentPostprocessing = 0;
		};
/* End PBXSourcesBuildPhase section */

/* Begin PBXTargetDependency section */
		645947FA197E75C4000B80E7 /* PBXTargetDependency */ = {
			isa = PBXTargetDependency;
			target = 645947D8197E75C4000B80E7 /* DrawCircleFrame */;
			targetProxy = 645947F9197E75C4000B80E7 /* PBXContainerItemProxy */;
		};
/* End PBXTargetDependency section */

/* Begin PBXVariantGroup section */
		645947E5197E75C4000B80E7 /* InfoPlist.strings */ = {
			isa = PBXVariantGroup;
			children = (
				645947E6197E75C4000B80E7 /* en */,
			);
			name = InfoPlist.strings;
			sourceTree = "<group>";
		};
		645947FE197E75C4000B80E7 /* InfoPlist.strings */ = {
			isa = PBXVariantGroup;
			children = (
				645947FF197E75C4000B80E7 /* en */,
			);
			name = InfoPlist.strings;
			sourceTree = "<group>";
		};
/* End PBXVariantGroup section */

/* Begin XCBuildConfiguration section */
		64594803197E75C4000B80E7 /* Debug */ = {
			isa = XCBuildConfiguration;
			buildSettings = {
				ALWAYS_SEARCH_USER_PATHS = NO;
				CLANG_CXX_LANGUAGE_STANDARD = "gnu++0x";
				CLANG_CXX_LIBRARY = "libc++";
				CLANG_ENABLE_MODULES = YES;
				CLANG_ENABLE_OBJC_ARC = YES;
				CLANG_WARN_BOOL_CONVERSION = YES;
				CLANG_WARN_CONSTANT_CONVERSION = YES;
				CLANG_WARN_DIRECT_OBJC_ISA_USAGE = YES_ERROR;
				CLANG_WARN_EMPTY_BODY = YES;
				CLANG_WARN_ENUM_CONVERSION = YES;
				CLANG_WARN_INT_CONVERSION = YES;
				CLANG_WARN_OBJC_ROOT_CLASS = YES_ERROR;
				CLANG_WARN__DUPLICATE_METHOD_MATCH = YES;
				"CODE_SIGN_IDENTITY[sdk=iphoneos*]" = "iPhone Developer";
				COPY_PHASE_STRIP = NO;
				GCC_C_LANGUAGE_STANDARD = gnu99;
				GCC_DYNAMIC_NO_PIC = NO;
				GCC_OPTIMIZATION_LEVEL = 0;
				GCC_PREPROCESSOR_DEFINITIONS = (
					"DEBUG=1",
					"$(inherited)",
				);
				GCC_SYMBOLS_PRIVATE_EXTERN = NO;
				GCC_WARN_64_TO_32_BIT_CONVERSION = YES;
				GCC_WARN_ABOUT_RETURN_TYPE = YES_ERROR;
				GCC_WARN_UNDECLARED_SELECTOR = YES;
				GCC_WARN_UNINITIALIZED_AUTOS = YES_AGGRESSIVE;
				GCC_WARN_UNUSED_FUNCTION = YES;
				GCC_WARN_UNUSED_VARIABLE = YES;
				IPHONEOS_DEPLOYMENT_TARGET = 5.0;
				ONLY_ACTIVE_ARCH = YES;
				SDKROOT = iphoneos;
				TARGETED_DEVICE_FAMILY = "1,2";
			};
			name = Debug;
		};
		64594804197E75C4000B80E7 /* Release */ = {
			isa = XCBuildConfiguration;
			buildSettings = {
				ALWAYS_SEARCH_USER_PATHS = NO;
				CLANG_CXX_LANGUAGE_STANDARD = "gnu++0x";
				CLANG_CXX_LIBRARY = "libc++";
				CLANG_ENABLE_MODULES = YES;
				CLANG_ENABLE_OBJC_ARC = YES;
				CLANG_WARN_BOOL_CONVERSION = YES;
				CLANG_WARN_CONSTANT_CONVERSION = YES;
				CLANG_WARN_DIRECT_OBJC_ISA_USAGE = YES_ERROR;
				CLANG_WARN_EMPTY_BODY = YES;
				CLANG_WARN_ENUM_CONVERSION = YES;
				CLANG_WARN_INT_CONVERSION = YES;
				CLANG_WARN_OBJC_ROOT_CLASS = YES_ERROR;
				CLANG_WARN__DUPLICATE_METHOD_MATCH = YES;
				"CODE_SIGN_IDENTITY[sdk=iphoneos*]" = "iPhone Developer";
				COPY_PHASE_STRIP = YES;
				ENABLE_NS_ASSERTIONS = NO;
				GCC_C_LANGUAGE_STANDARD = gnu99;
				GCC_WARN_64_TO_32_BIT_CONVERSION = YES;
				GCC_WARN_ABOUT_RETURN_TYPE = YES_ERROR;
				GCC_WARN_UNDECLARED_SELECTOR = YES;
				GCC_WARN_UNINITIALIZED_AUTOS = YES_AGGRESSIVE;
				GCC_WARN_UNUSED_FUNCTION = YES;
				GCC_WARN_UNUSED_VARIABLE = YES;
				IPHONEOS_DEPLOYMENT_TARGET = 5.0;
				SDKROOT = iphoneos;
				TARGETED_DEVICE_FAMILY = "1,2";
				VALIDATE_PRODUCT = YES;
			};
			name = Release;
		};
		64594806197E75C4000B80E7 /* Debug */ = {
			isa = XCBuildConfiguration;
			baseConfigurationReference = 5A21ABAC30A7F5F497835DBE /* Pods.debug.xcconfig */;
			buildSettings = {
				ASSETCATALOG_COMPILER_APPICON_NAME = AppIcon;
				ASSETCATALOG_COMPILER_LAUNCHIMAGE_NAME = LaunchImage;
				GCC_PRECOMPILE_PREFIX_HEADER = YES;
				GCC_PREFIX_HEADER = "DrawCircleFrame/DrawCircleFrame-Prefix.pch";
				INFOPLIST_FILE = "DrawCircleFrame/DrawCircleFrame-Info.plist";
				IPHONEOS_DEPLOYMENT_TARGET = 5.1.1;
				PRODUCT_NAME = "$(TARGET_NAME)";
				WRAPPER_EXTENSION = app;
			};
			name = Debug;
		};
		64594807197E75C4000B80E7 /* Release */ = {
			isa = XCBuildConfiguration;
			baseConfigurationReference = 97E7BA05CFE39E345D81160B /* Pods.release.xcconfig */;
			buildSettings = {
				ASSETCATALOG_COMPILER_APPICON_NAME = AppIcon;
				ASSETCATALOG_COMPILER_LAUNCHIMAGE_NAME = LaunchImage;
				GCC_PRECOMPILE_PREFIX_HEADER = YES;
				GCC_PREFIX_HEADER = "DrawCircleFrame/DrawCircleFrame-Prefix.pch";
				INFOPLIST_FILE = "DrawCircleFrame/DrawCircleFrame-Info.plist";
				IPHONEOS_DEPLOYMENT_TARGET = 5.1.1;
				PRODUCT_NAME = "$(TARGET_NAME)";
				WRAPPER_EXTENSION = app;
			};
			name = Release;
		};
		64594809197E75C4000B80E7 /* Debug */ = {
			isa = XCBuildConfiguration;
			buildSettings = {
				BUNDLE_LOADER = "$(BUILT_PRODUCTS_DIR)/DrawCircleFrame.app/DrawCircleFrame";
				FRAMEWORK_SEARCH_PATHS = (
					"$(SDKROOT)/Developer/Library/Frameworks",
					"$(inherited)",
					"$(DEVELOPER_FRAMEWORKS_DIR)",
				);
				GCC_PRECOMPILE_PREFIX_HEADER = YES;
				GCC_PREFIX_HEADER = "DrawCircleFrame/DrawCircleFrame-Prefix.pch";
				GCC_PREPROCESSOR_DEFINITIONS = (
					"DEBUG=1",
					"$(inherited)",
				);
				INFOPLIST_FILE = "DrawCircleFrameTests/DrawCircleFrameTests-Info.plist";
				PRODUCT_NAME = "$(TARGET_NAME)";
				TEST_HOST = "$(BUNDLE_LOADER)";
				WRAPPER_EXTENSION = xctest;
			};
			name = Debug;
		};
		6459480A197E75C4000B80E7 /* Release */ = {
			isa = XCBuildConfiguration;
			buildSettings = {
				BUNDLE_LOADER = "$(BUILT_PRODUCTS_DIR)/DrawCircleFrame.app/DrawCircleFrame";
				FRAMEWORK_SEARCH_PATHS = (
					"$(SDKROOT)/Developer/Library/Frameworks",
					"$(inherited)",
					"$(DEVELOPER_FRAMEWORKS_DIR)",
				);
				GCC_PRECOMPILE_PREFIX_HEADER = YES;
				GCC_PREFIX_HEADER = "DrawCircleFrame/DrawCircleFrame-Prefix.pch";
				INFOPLIST_FILE = "DrawCircleFrameTests/DrawCircleFrameTests-Info.plist";
				PRODUCT_NAME = "$(TARGET_NAME)";
				TEST_HOST = "$(BUNDLE_LOADER)";
				WRAPPER_EXTENSION = xctest;
			};
			name = Release;
		};
/* End XCBuildConfiguration section */

/* Begin XCConfigurationList section */
		645947D4197E75C4000B80E7 /* Build configuration list for PBXProject "DrawCircleFrame" */ = {
			isa = XCConfigurationList;
			buildConfigurations = (
				64594803197E75C4000B80E7 /* Debug */,
				64594804197E75C4000B80E7 /* Release */,
			);
			defaultConfigurationIsVisible = 0;
			defaultConfigurationName = Release;
		};
		64594805197E75C4000B80E7 /* Build configuration list for PBXNativeTarget "DrawCircleFrame" */ = {
			isa = XCConfigurationList;
			buildConfigurations = (
				64594806197E75C4000B80E7 /* Debug */,
				64594807197E75C4000B80E7 /* Release */,
			);
			defaultConfigurationIsVisible = 0;
			defaultConfigurationName = Release;
		};
		64594808197E75C4000B80E7 /* Build configuration list for PBXNativeTarget "DrawCircleFrameTests" */ = {
			isa = XCConfigurationList;
			buildConfigurations = (
				64594809197E75C4000B80E7 /* Debug */,
				6459480A197E75C4000B80E7 /* Release */,
			);
			defaultConfigurationIsVisible = 0;
			defaultConfigurationName = Release;
		};
/* End XCConfigurationList section */
	};
	rootObject = 645947D1197E75C4000B80E7 /* Project object */;
}
